
Microsoft Visual Studio Solution File, Format Version 12.00
# Visual Studio Version 16
VisualStudioVersion = 16.0.30114.105
MinimumVisualStudioVersion = 10.0.40219.1
Project("{9A19103F-16F7-4668-BE54-9A1E7A4F7556}") = "DatingApp.API", "DatingApp.API.csproj", "{D8334DEF-36F6-4129-BAF8-B9B190F989E6}"
EndProject
Global
	GlobalSection(SolutionConfigurationPlatforms) = preSolution
		Debug|Any CPU = Debug|Any CPU
		Release|Any CPU = Release|Any CPU
	EndGlobalSection
	GlobalSection(ProjectConfigurationPlatforms) = postSolution
		{D8334DEF-36F6-4129-BAF8-B9B190F989E6}.Debug|Any CPU.ActiveCfg = Debug|Any CPU
		{D8334DEF-36F6-4129-BAF8-B9B190F989E6}.Debug|Any CPU.Build.0 = Debug|Any CPU
		{D8334DEF-36F6-4129-BAF8-B9B190F989E6}.Release|Any CPU.ActiveCfg = Release|Any CPU
		{D8334DEF-36F6-4129-BAF8-B9B190F989E6}.Release|Any CPU.Build.0 = Release|Any CPU
	EndGlobalSection
	GlobalSection(SolutionProperties) = preSolution
		HideSolutionNode = FALSE
	EndGlobalSection
	GlobalSection(ExtensibilityGlobals) = postSolution
		SolutionGuid = {5BD12784-8DA8-4D3B-A1EC-4C7D9DFE6482}
	EndGlobalSection
EndGlobal
